# This file is automatically @generated by Cargo.
# It is not intended for manual editing.
version = 4

[[package]]
name = "o11y-codec-rt-alp"
version = "0.0.1"
dependencies = [
 "o11y-codec-rt-core",
]

[[package]]
name = "o11y-codec-rt-core"
version = "0.0.1"

[[package]]
name = "o11y-codec-rt-interner"
version = "0.0.1"

[[package]]
name = "o11y-codec-rt-xor-delta"
version = "0.0.1"
dependencies = [
 "o11y-codec-rt-core",
]
